
Microsoft Visual Studio Solution File, Format Version 12.00
# Visual Studio Version 17
VisualStudioVersion = 17.1.32414.318
MinimumVisualStudioVersion = 10.0.40219.1
Project("{FAE04EC0-301F-11D3-BF4B-00C04F79EFBC}") = "CineFrontEnd", "CineFrontEnd\CineFrontEnd.csproj", "{074A21EB-B8CE-463B-AA20-F3CC35DA1AAE}"
	ProjectSection(ProjectDependencies) = postProject
		{3E774945-1210-4220-AF18-F13246041AF4} = {3E774945-1210-4220-AF18-F13246041AF4}
	EndProjectSection
EndProject
Project("{FAE04EC0-301F-11D3-BF4B-00C04F79EFBC}") = "CineBackEnd", "CineBackEnd\CineBackEnd.csproj", "{3E774945-1210-4220-AF18-F13246041AF4}"
EndProject
Project("{FAE04EC0-301F-11D3-BF4B-00C04F79EFBC}") = "CineApi", "CineApi\CineApi.csproj", "{561F965D-ACDB-4254-A18E-EDFB1EADA1A7}"
	ProjectSection(ProjectDependencies) = postProject
		{3E774945-1210-4220-AF18-F13246041AF4} = {3E774945-1210-4220-AF18-F13246041AF4}
	EndProjectSection
EndProject
Global
	GlobalSection(SolutionConfigurationPlatforms) = preSolution
		Debug|Any CPU = Debug|Any CPU
		Release|Any CPU = Release|Any CPU
	EndGlobalSection
	GlobalSection(ProjectConfigurationPlatforms) = postSolution
		{074A21EB-B8CE-463B-AA20-F3CC35DA1AAE}.Debug|Any CPU.ActiveCfg = Debug|Any CPU
		{074A21EB-B8CE-463B-AA20-F3CC35DA1AAE}.Debug|Any CPU.Build.0 = Debug|Any CPU
		{074A21EB-B8CE-463B-AA20-F3CC35DA1AAE}.Release|Any CPU.ActiveCfg = Release|Any CPU
		{074A21EB-B8CE-463B-AA20-F3CC35DA1AAE}.Release|Any CPU.Build.0 = Release|Any CPU
		{3E774945-1210-4220-AF18-F13246041AF4}.Debug|Any CPU.ActiveCfg = Debug|Any CPU
		{3E774945-1210-4220-AF18-F13246041AF4}.Debug|Any CPU.Build.0 = Debug|Any CPU
		{3E774945-1210-4220-AF18-F13246041AF4}.Release|Any CPU.ActiveCfg = Release|Any CPU
		{3E774945-1210-4220-AF18-F13246041AF4}.Release|Any CPU.Build.0 = Release|Any CPU
		{561F965D-ACDB-4254-A18E-EDFB1EADA1A7}.Debug|Any CPU.ActiveCfg = Debug|Any CPU
		{561F965D-ACDB-4254-A18E-EDFB1EADA1A7}.Debug|Any CPU.Build.0 = Debug|Any CPU
		{561F965D-ACDB-4254-A18E-EDFB1EADA1A7}.Release|Any CPU.ActiveCfg = Release|Any CPU
		{561F965D-ACDB-4254-A18E-EDFB1EADA1A7}.Release|Any CPU.Build.0 = Release|Any CPU
	EndGlobalSection
	GlobalSection(SolutionProperties) = preSolution
		HideSolutionNode = FALSE
	EndGlobalSection
	GlobalSection(ExtensibilityGlobals) = postSolution
		SolutionGuid = {C9383474-306B-479C-88C4-8B38C1429196}
	EndGlobalSection
EndGlobal
